<?xml version="1.0" encoding="utf-8"?>
<Project ToolsVersion="4.0" xmlns="http://schemas.microsoft.com/developer/msbuild/2003">
  <ItemGroup>
    <Filter Include="Source Files">
      <UniqueIdentifier>{4FC737F1-C7A5-4376-A066-2A32D752A2FF}</UniqueIdentifier>
      <Extensions>cpp;c;cc;cxx;c++;cppm;ixx;def;odl;idl;hpj;bat;asm;asmx</Extensions>
    </Filter>
    <Filter Include="Header Files">
      <UniqueIdentifier>{93995380-89BD-4b04-88EB-625FBE52EBFB}</UniqueIdentifier>
      <Extensions>h;hh;hpp;hxx;h++;hm;inl;inc;ipp;xsd</Extensions>
    </Filter>
    <Filter Include="Resource Files">
      <UniqueIdentifier>{67DA6AB6-F800-4c08-8B7A-83BB121AAD01}</UniqueIdentifier>
      <Extensions>rc;ico;cur;bmp;dlg;rc2;rct;bin;rgs;gif;jpg;jpeg;jpe;resx;tiff;tif;png;wav;mfcribbon-ms</Extensions>
    </Filter>
    <Filter Include="Header Files\Scanner">
      <UniqueIdentifier>{f6aec279-7ba8-423a-8537-9ce10c41a908}</UniqueIdentifier>
    </Filter>
    <Filter Include="Header Files\Compiler">
      <UniqueIdentifier>{aa7b52c0-8306-4b99-873f-37c0a894b7dc}</UniqueIdentifier>
    </Filter>
    <Filter Include="Header Files\VM">
      <UniqueIdentifier>{cf114f5f-1e20-4ddf-b75e-019c6967a561}</UniqueIdentifier>
    </Filter>
    <Filter Include="Header Files\Collections">
      <UniqueIdentifier>{5b198087-23f7-4210-a78c-16bd9c58a4bc}</UniqueIdentifier>
    </Filter>
  </ItemGroup>
  <ItemGroup>
    <ClCompile Include="kmem.c">
      <Filter>Source Files</Filter>
    </ClCompile>
    <ClCompile Include="main.c">
      <Filter>Source Files</Filter>
    </ClCompile>
    <ClCompile Include="bytecode.c">
      <Filter>Source Files</Filter>
    </ClCompile>
    <ClCompile Include="kdebug.c">
      <Filter>Source Files</Filter>
    </ClCompile>
    <ClCompile Include="runLines.c">
      <Filter>Source Files</Filter>
    </ClCompile>
    <ClCompile Include="vm.c">
      <Filter>Source Files</Filter>
    </ClCompile>
    <ClCompile Include="kcompiler.c">
      <Filter>Source Files</Filter>
    </ClCompile>
    <ClCompile Include="kscan.c">
      <Filter>Source Files</Filter>
    </ClCompile>
    <ClCompile Include="byteArray.c">
      <Filter>Source Files</Filter>
    </ClCompile>
    <ClCompile Include="typeTable.c">
      <Filter>Source Files</Filter>
    </ClCompile>
    <ClCompile Include="commonTypes.h">
      <Filter>Header Files</Filter>
    </ClCompile>
    <ClCompile Include="commonTypes.c">
      <Filter>Source Files</Filter>
    </ClCompile>
    <ClCompile Include="hashTable.c">
      <Filter>Source Files</Filter>
    </ClCompile>
    <ClCompile Include="kparser.c">
      <Filter>Source Files</Filter>
    </ClCompile>
    <ClCompile Include="byteStack.c">
      <Filter>Source Files</Filter>
    </ClCompile>
    <ClCompile Include="genericArray.h">
      <Filter>Header Files\Collections</Filter>
    </ClCompile>
    <ClCompile Include="genericArray.c">
      <Filter>Source Files</Filter>
    </ClCompile>
    <ClCompile Include="opcode_impl.c">
      <Filter>Source Files</Filter>
    </ClCompile>
    <ClCompile Include="opcodes.c">
      <Filter>Source Files</Filter>
    </ClCompile>
  </ItemGroup>
  <ItemGroup>
    <ClInclude Include="common.h">
      <Filter>Header Files</Filter>
    </ClInclude>
    <ClInclude Include="kmem.h">
      <Filter>Header Files</Filter>
    </ClInclude>
    <ClInclude Include="kdebug.h">
      <Filter>Header Files</Filter>
    </ClInclude>
    <ClInclude Include="kscan.h">
      <Filter>Header Files\Scanner</Filter>
    </ClInclude>
    <ClInclude Include="vm.h">
      <Filter>Header Files\VM</Filter>
    </ClInclude>
    <ClInclude Include="kcompiler.h">
      <Filter>Header Files\Compiler</Filter>
    </ClInclude>
    <ClInclude Include="byteArray.h">
      <Filter>Header Files\Collections</Filter>
    </ClInclude>
    <ClInclude Include="hashTable.h">
      <Filter>Header Files\Collections</Filter>
    </ClInclude>
    <ClInclude Include="typeTable.h">
      <Filter>Header Files\Collections</Filter>
    </ClInclude>
    <ClInclude Include="runLines.h">
      <Filter>Header Files\Collections</Filter>
    </ClInclude>
    <ClInclude Include="bytecode.h">
      <Filter>Header Files\Compiler</Filter>
    </ClInclude>
    <ClInclude Include="kparser.h">
      <Filter>Header Files\Compiler</Filter>
    </ClInclude>
    <ClInclude Include="byteStack.h">
      <Filter>Header Files\Collections</Filter>
    </ClInclude>
    <ClInclude Include="opcodes.h">
      <Filter>Header Files\VM</Filter>
    </ClInclude>
    <ClInclude Include="opcode_impl.h">
      <Filter>Header Files\VM</Filter>
    </ClInclude>
    <ClInclude Include="opcode_enums.h">
      <Filter>Header Files\VM</Filter>
    </ClInclude>
  </ItemGroup>
</Project>